# THIS IS AN AUTOGENERATED FILE. DO NOT EDIT THIS FILE DIRECTLY.
# yarn lockfile v1


v8-natives@1.2.5:
  version "1.2.5"
  resolved "https://registry.yarnpkg.com/v8-natives/-/v8-natives-1.2.5.tgz#99bb67f97ccdf76bbd28cd1198f4b6b89e9cf016"
  integrity sha512-CVNliz6KF2yet3HBIkbFJKZmjlt95C8dsNZDnwoS6X98+QJRpsSz9uxo3TziBqdyJQkWwfD3VG9lRzsQNvF24Q==
